
Microsoft Visual Studio Solution File, Format Version 12.00
# Visual Studio Version 17
VisualStudioVersion = 17.9.34714.143
MinimumVisualStudioVersion = 10.0.40219.1
Project("{FAE04EC0-301F-11D3-BF4B-00C04F79EFBC}") = "SellMarket", "SellMarket\SellMarket.csproj", "{06E56512-DDC2-4CE5-B161-38456DF07067}"
EndProject
Global
	GlobalSection(SolutionConfigurationPlatforms) = preSolution
		Debug|Any CPU = Debug|Any CPU
		Release|Any CPU = Release|Any CPU
	EndGlobalSection
	GlobalSection(ProjectConfigurationPlatforms) = postSolution
		{06E56512-DDC2-4CE5-B161-38456DF07067}.Debug|Any CPU.ActiveCfg = Debug|Any CPU
		{06E56512-DDC2-4CE5-B161-38456DF07067}.Debug|Any CPU.Build.0 = Debug|Any CPU
		{06E56512-DDC2-4CE5-B161-38456DF07067}.Release|Any CPU.ActiveCfg = Release|Any CPU
		{06E56512-DDC2-4CE5-B161-38456DF07067}.Release|Any CPU.Build.0 = Release|Any CPU
	EndGlobalSection
	GlobalSection(SolutionProperties) = preSolution
		HideSolutionNode = FALSE
	EndGlobalSection
	GlobalSection(ExtensibilityGlobals) = postSolution
		SolutionGuid = {F984854B-65BE-4583-8A6C-8F74BADA3E59}
	EndGlobalSection
EndGlobal
